
Microsoft Visual Studio Solution File, Format Version 12.00
# Visual Studio Version 17
VisualStudioVersion = 17.9.34728.123
MinimumVisualStudioVersion = 10.0.40219.1
Project("{FAE04EC0-301F-11D3-BF4B-00C04F79EFBC}") = "Lab4 Semestr2 (№2)", "Lab4 Semestr2 (№2)\Lab4 Semestr2 (№2).csproj", "{2492586E-72F6-4174-A872-D017DE860FA3}"
EndProject
Global
	GlobalSection(SolutionConfigurationPlatforms) = preSolution
		Debug|Any CPU = Debug|Any CPU
		Release|Any CPU = Release|Any CPU
	EndGlobalSection
	GlobalSection(ProjectConfigurationPlatforms) = postSolution
		{2492586E-72F6-4174-A872-D017DE860FA3}.Debug|Any CPU.ActiveCfg = Debug|Any CPU
		{2492586E-72F6-4174-A872-D017DE860FA3}.Debug|Any CPU.Build.0 = Debug|Any CPU
		{2492586E-72F6-4174-A872-D017DE860FA3}.Release|Any CPU.ActiveCfg = Release|Any CPU
		{2492586E-72F6-4174-A872-D017DE860FA3}.Release|Any CPU.Build.0 = Release|Any CPU
	EndGlobalSection
	GlobalSection(SolutionProperties) = preSolution
		HideSolutionNode = FALSE
	EndGlobalSection
	GlobalSection(ExtensibilityGlobals) = postSolution
		SolutionGuid = {A1082752-9DA9-4327-B063-D0587AA91366}
	EndGlobalSection
EndGlobal
